
Microsoft Visual Studio Solution File, Format Version 12.00
# Visual Studio Version 17
VisualStudioVersion = 17.8.34330.188
MinimumVisualStudioVersion = 10.0.40219.1
Project("{9A19103F-16F7-4668-BE54-9A1E7A4F7556}") = "Central_WebApi", "Central_WebApi\Central_WebApi.csproj", "{B7B327EA-F3EF-4761-A0A6-BF5FCFEDCC0B}"
EndProject
Project("{9A19103F-16F7-4668-BE54-9A1E7A4F7556}") = "Central_Service", "Central_Service\Central_Service.csproj", "{9B25CECD-0E64-4302-84ED-7C510ABBE660}"
EndProject
Project("{9A19103F-16F7-4668-BE54-9A1E7A4F7556}") = "Repository(DAL)", "Repository(DAL)\Repository(DAL).csproj", "{EE7A206F-B010-4335-99FC-795023024533}"
EndProject
Project("{FAE04EC0-301F-11D3-BF4B-00C04F79EFBC}") = "ExtensionMethods", "ExtensionMethods\ExtensionMethods.csproj", "{0A0CE1FF-D3E0-41A2-A2AF-F3E5E9CEE572}"
EndProject
Global
	GlobalSection(SolutionConfigurationPlatforms) = preSolution
		Debug|Any CPU = Debug|Any CPU
		Release|Any CPU = Release|Any CPU
	EndGlobalSection
	GlobalSection(ProjectConfigurationPlatforms) = postSolution
		{B7B327EA-F3EF-4761-A0A6-BF5FCFEDCC0B}.Debug|Any CPU.ActiveCfg = Debug|Any CPU
		{B7B327EA-F3EF-4761-A0A6-BF5FCFEDCC0B}.Debug|Any CPU.Build.0 = Debug|Any CPU
		{B7B327EA-F3EF-4761-A0A6-BF5FCFEDCC0B}.Release|Any CPU.ActiveCfg = Release|Any CPU
		{B7B327EA-F3EF-4761-A0A6-BF5FCFEDCC0B}.Release|Any CPU.Build.0 = Release|Any CPU
		{9B25CECD-0E64-4302-84ED-7C510ABBE660}.Debug|Any CPU.ActiveCfg = Debug|Any CPU
		{9B25CECD-0E64-4302-84ED-7C510ABBE660}.Debug|Any CPU.Build.0 = Debug|Any CPU
		{9B25CECD-0E64-4302-84ED-7C510ABBE660}.Release|Any CPU.ActiveCfg = Release|Any CPU
		{9B25CECD-0E64-4302-84ED-7C510ABBE660}.Release|Any CPU.Build.0 = Release|Any CPU
		{EE7A206F-B010-4335-99FC-795023024533}.Debug|Any CPU.ActiveCfg = Debug|Any CPU
		{EE7A206F-B010-4335-99FC-795023024533}.Debug|Any CPU.Build.0 = Debug|Any CPU
		{EE7A206F-B010-4335-99FC-795023024533}.Release|Any CPU.ActiveCfg = Release|Any CPU
		{EE7A206F-B010-4335-99FC-795023024533}.Release|Any CPU.Build.0 = Release|Any CPU
		{0A0CE1FF-D3E0-41A2-A2AF-F3E5E9CEE572}.Debug|Any CPU.ActiveCfg = Debug|Any CPU
		{0A0CE1FF-D3E0-41A2-A2AF-F3E5E9CEE572}.Debug|Any CPU.Build.0 = Debug|Any CPU
		{0A0CE1FF-D3E0-41A2-A2AF-F3E5E9CEE572}.Release|Any CPU.ActiveCfg = Release|Any CPU
		{0A0CE1FF-D3E0-41A2-A2AF-F3E5E9CEE572}.Release|Any CPU.Build.0 = Release|Any CPU
	EndGlobalSection
	GlobalSection(SolutionProperties) = preSolution
		HideSolutionNode = FALSE
	EndGlobalSection
	GlobalSection(ExtensibilityGlobals) = postSolution
		SolutionGuid = {4C025C02-0C15-4739-B8D8-0F4B6BC677F3}
	EndGlobalSection
EndGlobal
